
Microsoft Visual Studio Solution File, Format Version 12.00
# Visual Studio 2012
Project("{FAE04EC0-301F-11D3-BF4B-00C04F79EFBC}") = "ELisk.Api", "Lisk.api\ELisk.Api.csproj", "{44BDCA2B-367D-4BB2-8054-963E70C577CA}"
EndProject
Project("{FAE04EC0-301F-11D3-BF4B-00C04F79EFBC}") = "ELisk.Host", "Lisk.api.host\ELisk.Host.csproj", "{2689CBB0-0EDC-4524-8CD7-725AD9F58C53}"
EndProject
Global
	GlobalSection(SolutionConfigurationPlatforms) = preSolution
		Debug|Any CPU = Debug|Any CPU
		Release|Any CPU = Release|Any CPU
	EndGlobalSection
	GlobalSection(ProjectConfigurationPlatforms) = postSolution
		{44BDCA2B-367D-4BB2-8054-963E70C577CA}.Debug|Any CPU.ActiveCfg = Debug|Any CPU
		{44BDCA2B-367D-4BB2-8054-963E70C577CA}.Debug|Any CPU.Build.0 = Debug|Any CPU
		{44BDCA2B-367D-4BB2-8054-963E70C577CA}.Release|Any CPU.ActiveCfg = Release|Any CPU
		{44BDCA2B-367D-4BB2-8054-963E70C577CA}.Release|Any CPU.Build.0 = Release|Any CPU
		{2689CBB0-0EDC-4524-8CD7-725AD9F58C53}.Debug|Any CPU.ActiveCfg = Debug|Any CPU
		{2689CBB0-0EDC-4524-8CD7-725AD9F58C53}.Debug|Any CPU.Build.0 = Debug|Any CPU
		{2689CBB0-0EDC-4524-8CD7-725AD9F58C53}.Release|Any CPU.ActiveCfg = Release|Any CPU
		{2689CBB0-0EDC-4524-8CD7-725AD9F58C53}.Release|Any CPU.Build.0 = Release|Any CPU
	EndGlobalSection
	GlobalSection(SolutionProperties) = preSolution
		HideSolutionNode = FALSE
	EndGlobalSection
EndGlobal
